// !$*UTF8*$!
{
	archiveVersion = 1;
	classes = {
	};
	objectVersion = 55;
	objects = {

/* Begin PBXBuildFile section */
		6E55147D28215F04005F4B9F /* AppDelegate.swift in Sources */ = {isa = PBXBuildFile; fileRef = 6E55147C28215F04005F4B9F /* AppDelegate.swift */; };
		6E55147F28215F04005F4B9F /* GameScene.sks in Resources */ = {isa = PBXBuildFile; fileRef = 6E55147E28215F04005F4B9F /* GameScene.sks */; };
		6E55148128215F04005F4B9F /* Actions.sks in Resources */ = {isa = PBXBuildFile; fileRef = 6E55148028215F04005F4B9F /* Actions.sks */; };
		6E55148328215F04005F4B9F /* GameScene.swift in Sources */ = {isa = PBXBuildFile; fileRef = 6E55148228215F04005F4B9F /* GameScene.swift */; };
		6E55148528215F04005F4B9F /* GameViewController.swift in Sources */ = {isa = PBXBuildFile; fileRef = 6E55148428215F04005F4B9F /* GameViewController.swift */; };
		6E55148828215F04005F4B9F /* Main.storyboard in Resources */ = {isa = PBXBuildFile; fileRef = 6E55148628215F04005F4B9F /* Main.storyboard */; };
		6E55148A28215F05005F4B9F /* Assets.xcassets in Resources */ = {isa = PBXBuildFile; fileRef = 6E55148928215F05005F4B9F /* Assets.xcassets */; };
		6E55148D28215F05005F4B9F /* LaunchScreen.storyboard in Resources */ = {isa = PBXBuildFile; fileRef = 6E55148B28215F05005F4B9F /* LaunchScreen.storyboard */; };
		6E55149728215F06005F4B9F /* funGamePlayTests.swift in Sources */ = {isa = PBXBuildFile; fileRef = 6E55149628215F06005F4B9F /* funGamePlayTests.swift */; };
		6E5514A128215F06005F4B9F /* funGamePlayUITests.swift in Sources */ = {isa = PBXBuildFile; fileRef = 6E5514A028215F06005F4B9F /* funGamePlayUITests.swift */; };
		6E5514A328215F06005F4B9F /* funGamePlayUITestsLaunchTests.swift in Sources */ = {isa = PBXBuildFile; fileRef = 6E5514A228215F06005F4B9F /* funGamePlayUITestsLaunchTests.swift */; };
/* End PBXBuildFile section */

/* Begin PBXContainerItemProxy section */
		6E55149328215F06005F4B9F /* PBXContainerItemProxy */ = {
			isa = PBXContainerItemProxy;
			containerPortal = 6E55147128215F04005F4B9F /* Project object */;
			proxyType = 1;
			remoteGlobalIDString = 6E55147828215F04005F4B9F;
			remoteInfo = funGamePlay;
		};
		6E55149D28215F06005F4B9F /* PBXContainerItemProxy */ = {
			isa = PBXContainerItemProxy;
			containerPortal = 6E55147128215F04005F4B9F /* Project object */;
			proxyType = 1;
			remoteGlobalIDString = 6E55147828215F04005F4B9F;
			remoteInfo = funGamePlay;
		};
/* End PBXContainerItemProxy section */

/* Begin PBXFileReference section */
		6E55147928215F04005F4B9F /* funGamePlay.app */ = {isa = PBXFileReference; explicitFileType = wrapper.application; includeInIndex = 0; path = funGamePlay.app; sourceTree = BUILT_PRODUCTS_DIR; };
		6E55147C28215F04005F4B9F /* AppDelegate.swift */ = {isa = PBXFileReference; lastKnownFileType = sourcecode.swift; path = AppDelegate.swift; sourceTree = "<group>"; };
		6E55147E28215F04005F4B9F /* GameScene.sks */ = {isa = PBXFileReference; lastKnownFileType = file.sks; path = GameScene.sks; sourceTree = "<group>"; };
		6E55148028215F04005F4B9F /* Actions.sks */ = {isa = PBXFileReference; lastKnownFileType = file.sks; path = Actions.sks; sourceTree = "<group>"; };
		6E55148228215F04005F4B9F /* GameScene.swift */ = {isa = PBXFileReference; lastKnownFileType = sourcecode.swift; path = GameScene.swift; sourceTree = "<group>"; };
		6E55148428215F04005F4B9F /* GameViewController.swift */ = {isa = PBXFileReference; lastKnownFileType = sourcecode.swift; path = GameViewController.swift; sourceTree = "<group>"; };
		6E55148728215F04005F4B9F /* Base */ = {isa = PBXFileReference; lastKnownFileType = file.storyboard; name = Base; path = Base.lproj/Main.storyboard; sourceTree = "<group>"; };
		6E55148928215F05005F4B9F /* Assets.xcassets */ = {isa = PBXFileReference; lastKnownFileType = folder.assetcatalog; path = Assets.xcassets; sourceTree = "<group>"; };
		6E55148C28215F05005F4B9F /* Base */ = {isa = PBXFileReference; lastKnownFileType = file.storyboard; name = Base; path = Base.lproj/LaunchScreen.storyboard; sourceTree = "<group>"; };
		6E55149228215F06005F4B9F /* funGamePlayTests.xctest */ = {isa = PBXFileReference; explicitFileType = wrapper.cfbundle; includeInIndex = 0; path = funGamePlayTests.xctest; sourceTree = BUILT_PRODUCTS_DIR; };
		6E55149628215F06005F4B9F /* funGamePlayTests.swift */ = {isa = PBXFileReference; lastKnownFileType = sourcecode.swift; path = funGamePlayTests.swift; sourceTree = "<group>"; };
		6E55149C28215F06005F4B9F /* funGamePlayUITests.xctest */ = {isa = PBXFileReference; explicitFileType = wrapper.cfbundle; includeInIndex = 0; path = funGamePlayUITests.xctest; sourceTree = BUILT_PRODUCTS_DIR; };
		6E5514A028215F06005F4B9F /* funGamePlayUITests.swift */ = {isa = PBXFileReference; lastKnownFileType = sourcecode.swift; path = funGamePlayUITests.swift; sourceTree = "<group>"; };
		6E5514A228215F06005F4B9F /* funGamePlayUITestsLaunchTests.swift */ = {isa = PBXFileReference; lastKnownFileType = sourcecode.swift; path = funGamePlayUITestsLaunchTests.swift; sourceTree = "<group>"; };
/* End PBXFileReference section */

/* Begin PBXFrameworksBuildPhase section */
		6E55147628215F04005F4B9F /* Frameworks */ = {
			isa = PBXFrameworksBuildPhase;
			buildActionMask = 2147483647;
			files = (
			);
			runOnlyForDeploymentPostprocessing = 0;
		};
		6E55148F28215F06005F4B9F /* Frameworks */ = {
			isa = PBXFrameworksBuildPhase;
			buildActionMask = 2147483647;
			files = (
			);
			runOnlyForDeploymentPostprocessing = 0;
		};
		6E55149928215F06005F4B9F /* Frameworks */ = {
			isa = PBXFrameworksBuildPhase;
			buildActionMask = 2147483647;
			files = (
			);
			runOnlyForDeploymentPostprocessing = 0;
		};
/* End PBXFrameworksBuildPhase section */

/* Begin PBXGroup section */
		6E55147028215F04005F4B9F = {
			isa = PBXGroup;
			children = (
				6E55147B28215F04005F4B9F /* funGamePlay */,
				6E55149528215F06005F4B9F /* funGamePlayTests */,
				6E55149F28215F06005F4B9F /* funGamePlayUITests */,
				6E55147A28215F04005F4B9F /* Products */,
			);
			sourceTree = "<group>";
		};
		6E55147A28215F04005F4B9F /* Products */ = {
			isa = PBXGroup;
			children = (
				6E55147928215F04005F4B9F /* funGamePlay.app */,
				6E55149228215F06005F4B9F /* funGamePlayTests.xctest */,
				6E55149C28215F06005F4B9F /* funGamePlayUITests.xctest */,
			);
			name = Products;
			sourceTree = "<group>";
		};
		6E55147B28215F04005F4B9F /* funGamePlay */ = {
			isa = PBXGroup;
			children = (
				6E55147C28215F04005F4B9F /* AppDelegate.swift */,
				6E55147E28215F04005F4B9F /* GameScene.sks */,
				6E55148028215F04005F4B9F /* Actions.sks */,
				6E55148228215F04005F4B9F /* GameScene.swift */,
				6E55148428215F04005F4B9F /* GameViewController.swift */,
				6E55148628215F04005F4B9F /* Main.storyboard */,
				6E55148928215F05005F4B9F /* Assets.xcassets */,
				6E55148B28215F05005F4B9F /* LaunchScreen.storyboard */,
			);
			path = funGamePlay;
			sourceTree = "<group>";
		};
		6E55149528215F06005F4B9F /* funGamePlayTests */ = {
			isa = PBXGroup;
			children = (
				6E55149628215F06005F4B9F /* funGamePlayTests.swift */,
			);
			path = funGamePlayTests;
			sourceTree = "<group>";
		};
		6E55149F28215F06005F4B9F /* funGamePlayUITests */ = {
			isa = PBXGroup;
			children = (
				6E5514A028215F06005F4B9F /* funGamePlayUITests.swift */,
				6E5514A228215F06005F4B9F /* funGamePlayUITestsLaunchTests.swift */,
			);
			path = funGamePlayUITests;
			sourceTree = "<group>";
		};
/* End PBXGroup section */

/* Begin PBXNativeTarget section */
		6E55147828215F04005F4B9F /* funGamePlay */ = {
			isa = PBXNativeTarget;
			buildConfigurationList = 6E5514A628215F06005F4B9F /* Build configuration list for PBXNativeTarget "funGamePlay" */;
			buildPhases = (
				6E55147528215F04005F4B9F /* Sources */,
				6E55147628215F04005F4B9F /* Frameworks */,
				6E55147728215F04005F4B9F /* Resources */,
			);
			buildRules = (
			);
			dependencies = (
			);
			name = funGamePlay;
			productName = funGamePlay;
			productReference = 6E55147928215F04005F4B9F /* funGamePlay.app */;
			productType = "com.apple.product-type.application";
		};
		6E55149128215F06005F4B9F /* funGamePlayTests */ = {
			isa = PBXNativeTarget;
			buildConfigurationList = 6E5514A928215F06005F4B9F /* Build configuration list for PBXNativeTarget "funGamePlayTests" */;
			buildPhases = (
				6E55148E28215F06005F4B9F /* Sources */,
				6E55148F28215F06005F4B9F /* Frameworks */,
				6E55149028215F06005F4B9F /* Resources */,
			);
			buildRules = (
			);
			dependencies = (
				6E55149428215F06005F4B9F /* PBXTargetDependency */,
			);
			name = funGamePlayTests;
			productName = funGamePlayTests;
			productReference = 6E55149228215F06005F4B9F /* funGamePlayTests.xctest */;
			productType = "com.apple.product-type.bundle.unit-test";
		};
		6E55149B28215F06005F4B9F /* funGamePlayUITests */ = {
			isa = PBXNativeTarget;
			buildConfigurationList = 6E5514AC28215F06005F4B9F /* Build configuration list for PBXNativeTarget "funGamePlayUITests" */;
			buildPhases = (
				6E55149828215F06005F4B9F /* Sources */,
				6E55149928215F06005F4B9F /* Frameworks */,
				6E55149A28215F06005F4B9F /* Resources */,
			);
			buildRules = (
			);
			dependencies = (
				6E55149E28215F06005F4B9F /* PBXTargetDependency */,
			);
			name = funGamePlayUITests;
			productName = funGamePlayUITests;
			productReference = 6E55149C28215F06005F4B9F /* funGamePlayUITests.xctest */;
			productType = "com.apple.product-type.bundle.ui-testing";
		};
/* End PBXNativeTarget section */

/* Begin PBXProject section */
		6E55147128215F04005F4B9F /* Project object */ = {
			isa = PBXProject;
			attributes = {
				BuildIndependentTargetsInParallel = 1;
				LastSwiftUpdateCheck = 1330;
				LastUpgradeCheck = 1330;
				TargetAttributes = {
					6E55147828215F04005F4B9F = {
						CreatedOnToolsVersion = 13.3.1;
					};
					6E55149128215F06005F4B9F = {
						CreatedOnToolsVersion = 13.3.1;
						TestTargetID = 6E55147828215F04005F4B9F;
					};
					6E55149B28215F06005F4B9F = {
						CreatedOnToolsVersion = 13.3.1;
						TestTargetID = 6E55147828215F04005F4B9F;
					};
				};
			};
			buildConfigurationList = 6E55147428215F04005F4B9F /* Build configuration list for PBXProject "funGamePlay" */;
			compatibilityVersion = "Xcode 13.0";
			developmentRegion = en;
			hasScannedForEncodings = 0;
			knownRegions = (
				en,
				Base,
			);
			mainGroup = 6E55147028215F04005F4B9F;
			productRefGroup = 6E55147A28215F04005F4B9F /* Products */;
			projectDirPath = "";
			projectRoot = "";
			targets = (
				6E55147828215F04005F4B9F /* funGamePlay */,
				6E55149128215F06005F4B9F /* funGamePlayTests */,
				6E55149B28215F06005F4B9F /* funGamePlayUITests */,
			);
		};
/* End PBXProject section */

/* Begin PBXResourcesBuildPhase section */
		6E55147728215F04005F4B9F /* Resources */ = {
			isa = PBXResourcesBuildPhase;
			buildActionMask = 2147483647;
			files = (
				6E55148828215F04005F4B9F /* Main.storyboard in Resources */,
				6E55147F28215F04005F4B9F /* GameScene.sks in Resources */,
				6E55148A28215F05005F4B9F /* Assets.xcassets in Resources */,
				6E55148D28215F05005F4B9F /* LaunchScreen.storyboard in Resources */,
				6E55148128215F04005F4B9F /* Actions.sks in Resources */,
			);
			runOnlyForDeploymentPostprocessing = 0;
		};
		6E55149028215F06005F4B9F /* Resources */ = {
			isa = PBXResourcesBuildPhase;
			buildActionMask = 2147483647;
			files = (
			);
			runOnlyForDeploymentPostprocessing = 0;
		};
		6E55149A28215F06005F4B9F /* Resources */ = {
			isa = PBXResourcesBuildPhase;
			buildActionMask = 2147483647;
			files = (
			);
			runOnlyForDeploymentPostprocessing = 0;
		};
/* End PBXResourcesBuildPhase section */

/* Begin PBXSourcesBuildPhase section */
		6E55147528215F04005F4B9F /* Sources */ = {
			isa = PBXSourcesBuildPhase;
			buildActionMask = 2147483647;
			files = (
				6E55148328215F04005F4B9F /* GameScene.swift in Sources */,
				6E55148528215F04005F4B9F /* GameViewController.swift in Sources */,
				6E55147D28215F04005F4B9F /* AppDelegate.swift in Sources */,
			);
			runOnlyForDeploymentPostprocessing = 0;
		};
		6E55148E28215F06005F4B9F /* Sources */ = {
			isa = PBXSourcesBuildPhase;
			buildActionMask = 2147483647;
			files = (
				6E55149728215F06005F4B9F /* funGamePlayTests.swift in Sources */,
			);
			runOnlyForDeploymentPostprocessing = 0;
		};
		6E55149828215F06005F4B9F /* Sources */ = {
			isa = PBXSourcesBuildPhase;
			buildActionMask = 2147483647;
			files = (
				6E5514A328215F06005F4B9F /* funGamePlayUITestsLaunchTests.swift in Sources */,
				6E5514A128215F06005F4B9F /* funGamePlayUITests.swift in Sources */,
			);
			runOnlyForDeploymentPostprocessing = 0;
		};
/* End PBXSourcesBuildPhase section */

/* Begin PBXTargetDependency section */
		6E55149428215F06005F4B9F /* PBXTargetDependency */ = {
			isa = PBXTargetDependency;
			target = 6E55147828215F04005F4B9F /* funGamePlay */;
			targetProxy = 6E55149328215F06005F4B9F /* PBXContainerItemProxy */;
		};
		6E55149E28215F06005F4B9F /* PBXTargetDependency */ = {
			isa = PBXTargetDependency;
			target = 6E55147828215F04005F4B9F /* funGamePlay */;
			targetProxy = 6E55149D28215F06005F4B9F /* PBXContainerItemProxy */;
		};
/* End PBXTargetDependency section */

/* Begin PBXVariantGroup section */
		6E55148628215F04005F4B9F /* Main.storyboard */ = {
			isa = PBXVariantGroup;
			children = (
				6E55148728215F04005F4B9F /* Base */,
			);
			name = Main.storyboard;
			sourceTree = "<group>";
		};
		6E55148B28215F05005F4B9F /* LaunchScreen.storyboard */ = {
			isa = PBXVariantGroup;
			children = (
				6E55148C28215F05005F4B9F /* Base */,
			);
			name = LaunchScreen.storyboard;
			sourceTree = "<group>";
		};
/* End PBXVariantGroup section */

/* Begin XCBuildConfiguration section */
		6E5514A428215F06005F4B9F /* Debug */ = {
			isa = XCBuildConfiguration;
			buildSettings = {
				ALWAYS_SEARCH_USER_PATHS = NO;
				CLANG_ANALYZER_NONNULL = YES;
				CLANG_ANALYZER_NUMBER_OBJECT_CONVERSION = YES_AGGRESSIVE;
				CLANG_CXX_LANGUAGE_STANDARD = "gnu++17";
				CLANG_ENABLE_MODULES = YES;
				CLANG_ENABLE_OBJC_ARC = YES;
				CLANG_ENABLE_OBJC_WEAK = YES;
				CLANG_WARN_BLOCK_CAPTURE_AUTORELEASING = YES;
				CLANG_WARN_BOOL_CONVERSION = YES;
				CLANG_WARN_COMMA = YES;
				CLANG_WARN_CONSTANT_CONVERSION = YES;
				CLANG_WARN_DEPRECATED_OBJC_IMPLEMENTATIONS = YES;
				CLANG_WARN_DIRECT_OBJC_ISA_USAGE = YES_ERROR;
				CLANG_WARN_DOCUMENTATION_COMMENTS = YES;
				CLANG_WARN_EMPTY_BODY = YES;
				CLANG_WARN_ENUM_CONVERSION = YES;
				CLANG_WARN_INFINITE_RECURSION = YES;
				CLANG_WARN_INT_CONVERSION = YES;
				CLANG_WARN_NON_LITERAL_NULL_CONVERSION = YES;
				CLANG_WARN_OBJC_IMPLICIT_RETAIN_SELF = YES;
				CLANG_WARN_OBJC_LITERAL_CONVERSION = YES;
				CLANG_WARN_OBJC_ROOT_CLASS = YES_ERROR;
				CLANG_WARN_QUOTED_INCLUDE_IN_FRAMEWORK_HEADER = YES;
				CLANG_WARN_RANGE_LOOP_ANALYSIS = YES;
				CLANG_WARN_STRICT_PROTOTYPES = YES;
				CLANG_WARN_SUSPICIOUS_MOVE = YES;
				CLANG_WARN_UNGUARDED_AVAILABILITY = YES_AGGRESSIVE;
				CLANG_WARN_UNREACHABLE_CODE = YES;
				CLANG_WARN__DUPLICATE_METHOD_MATCH = YES;
				COPY_PHASE_STRIP = NO;
				DEBUG_INFORMATION_FORMAT = dwarf;
				ENABLE_STRICT_OBJC_MSGSEND = YES;
				ENABLE_TESTABILITY = YES;
				GCC_C_LANGUAGE_STANDARD = gnu11;
				GCC_DYNAMIC_NO_PIC = NO;
				GCC_NO_COMMON_BLOCKS = YES;
				GCC_OPTIMIZATION_LEVEL = 0;
				GCC_PREPROCESSOR_DEFINITIONS = (
					"DEBUG=1",
					"$(inherited)",
				);
				GCC_WARN_64_TO_32_BIT_CONVERSION = YES;
				GCC_WARN_ABOUT_RETURN_TYPE = YES_ERROR;
				GCC_WARN_UNDECLARED_SELECTOR = YES;
				GCC_WARN_UNINITIALIZED_AUTOS = YES_AGGRESSIVE;
				GCC_WARN_UNUSED_FUNCTION = YES;
				GCC_WARN_UNUSED_VARIABLE = YES;
				IPHONEOS_DEPLOYMENT_TARGET = 15.4;
				MTL_ENABLE_DEBUG_INFO = INCLUDE_SOURCE;
				MTL_FAST_MATH = YES;
				ONLY_ACTIVE_ARCH = YES;
				SDKROOT = iphoneos;
				SWIFT_ACTIVE_COMPILATION_CONDITIONS = DEBUG;
				SWIFT_OPTIMIZATION_LEVEL = "-Onone";
			};
			name = Debug;
		};
		6E5514A528215F06005F4B9F /* Release */ = {
			isa = XCBuildConfiguration;
			buildSettings = {
				ALWAYS_SEARCH_USER_PATHS = NO;
				CLANG_ANALYZER_NONNULL = YES;
				CLANG_ANALYZER_NUMBER_OBJECT_CONVERSION = YES_AGGRESSIVE;
				CLANG_CXX_LANGUAGE_STANDARD = "gnu++17";
				CLANG_ENABLE_MODULES = YES;
				CLANG_ENABLE_OBJC_ARC = YES;
				CLANG_ENABLE_OBJC_WEAK = YES;
				CLANG_WARN_BLOCK_CAPTURE_AUTORELEASING = YES;
				CLANG_WARN_BOOL_CONVERSION = YES;
				CLANG_WARN_COMMA = YES;
				CLANG_WARN_CONSTANT_CONVERSION = YES;
				CLANG_WARN_DEPRECATED_OBJC_IMPLEMENTATIONS = YES;
				CLANG_WARN_DIRECT_OBJC_ISA_USAGE = YES_ERROR;
				CLANG_WARN_DOCUMENTATION_COMMENTS = YES;
				CLANG_WARN_EMPTY_BODY = YES;
				CLANG_WARN_ENUM_CONVERSION = YES;
				CLANG_WARN_INFINITE_RECURSION = YES;
				CLANG_WARN_INT_CONVERSION = YES;
				CLANG_WARN_NON_LITERAL_NULL_CONVERSION = YES;
				CLANG_WARN_OBJC_IMPLICIT_RETAIN_SELF = YES;
				CLANG_WARN_OBJC_LITERAL_CONVERSION = YES;
				CLANG_WARN_OBJC_ROOT_CLASS = YES_ERROR;
				CLANG_WARN_QUOTED_INCLUDE_IN_FRAMEWORK_HEADER = YES;
				CLANG_WARN_RANGE_LOOP_ANALYSIS = YES;
				CLANG_WARN_STRICT_PROTOTYPES = YES;
				CLANG_WARN_SUSPICIOUS_MOVE = YES;
				CLANG_WARN_UNGUARDED_AVAILABILITY = YES_AGGRESSIVE;
				CLANG_WARN_UNREACHABLE_CODE = YES;
				CLANG_WARN__DUPLICATE_METHOD_MATCH = YES;
				COPY_PHASE_STRIP = NO;
				DEBUG_INFORMATION_FORMAT = "dwarf-with-dsym";
				ENABLE_NS_ASSERTIONS = NO;
				ENABLE_STRICT_OBJC_MSGSEND = YES;
				GCC_C_LANGUAGE_STANDARD = gnu11;
				GCC_NO_COMMON_BLOCKS = YES;
				GCC_WARN_64_TO_32_BIT_CONVERSION = YES;
				GCC_WARN_ABOUT_RETURN_TYPE = YES_ERROR;
				GCC_WARN_UNDECLARED_SELECTOR = YES;
				GCC_WARN_UNINITIALIZED_AUTOS = YES_AGGRESSIVE;
				GCC_WARN_UNUSED_FUNCTION = YES;
				GCC_WARN_UNUSED_VARIABLE = YES;
				IPHONEOS_DEPLOYMENT_TARGET = 15.4;
				MTL_ENABLE_DEBUG_INFO = NO;
				MTL_FAST_MATH = YES;
				SDKROOT = iphoneos;
				SWIFT_COMPILATION_MODE = wholemodule;
				SWIFT_OPTIMIZATION_LEVEL = "-O";
				VALIDATE_PRODUCT = YES;
			};
			name = Release;
		};
		6E5514A728215F06005F4B9F /* Debug */ = {
			isa = XCBuildConfiguration;
			buildSettings = {
				ASSETCATALOG_COMPILER_APPICON_NAME = AppIcon;
				ASSETCATALOG_COMPILER_GLOBAL_ACCENT_COLOR_NAME = AccentColor;
				CODE_SIGN_STYLE = Automatic;
				CURRENT_PROJECT_VERSION = 1;
				GENERATE_INFOPLIST_FILE = YES;
				INFOPLIST_KEY_UIApplicationSupportsIndirectInputEvents = YES;
				INFOPLIST_KEY_UILaunchStoryboardName = LaunchScreen;
				INFOPLIST_KEY_UIMainStoryboardFile = Main;
				INFOPLIST_KEY_UIStatusBarHidden = YES;
				INFOPLIST_KEY_UISupportedInterfaceOrientations_iPad = "UIInterfaceOrientationPortrait UIInterfaceOrientationPortraitUpsideDown UIInterfaceOrientationLandscapeLeft UIInterfaceOrientationLandscapeRight";
				INFOPLIST_KEY_UISupportedInterfaceOrientations_iPhone = "UIInterfaceOrientationPortrait UIInterfaceOrientationLandscapeLeft UIInterfaceOrientationLandscapeRight";
				LD_RUNPATH_SEARCH_PATHS = (
					"$(inherited)",
					"@executable_path/Frameworks",
				);
				MARKETING_VERSION = 1.0;
				PRODUCT_BUNDLE_IDENTIFIER = CLC.funGamePlay;
				PRODUCT_NAME = "$(TARGET_NAME)";
				SWIFT_EMIT_LOC_STRINGS = YES;
				SWIFT_VERSION = 5.0;
				TARGETED_DEVICE_FAMILY = "1,2";
			};
			name = Debug;
		};
		6E5514A828215F06005F4B9F /* Release */ = {
			isa = XCBuildConfiguration;
			buildSettings = {
				ASSETCATALOG_COMPILER_APPICON_NAME = AppIcon;
				ASSETCATALOG_COMPILER_GLOBAL_ACCENT_COLOR_NAME = AccentColor;
				CODE_SIGN_STYLE = Automatic;
				CURRENT_PROJECT_VERSION = 1;
				GENERATE_INFOPLIST_FILE = YES;
				INFOPLIST_KEY_UIApplicationSupportsIndirectInputEvents = YES;
				INFOPLIST_KEY_UILaunchStoryboardName = LaunchScreen;
				INFOPLIST_KEY_UIMainStoryboardFile = Main;
				INFOPLIST_KEY_UIStatusBarHidden = YES;
				INFOPLIST_KEY_UISupportedInterfaceOrientations_iPad = "UIInterfaceOrientationPortrait UIInterfaceOrientationPortraitUpsideDown UIInterfaceOrientationLandscapeLeft UIInterfaceOrientationLandscapeRight";
				INFOPLIST_KEY_UISupportedInterfaceOrientations_iPhone = "UIInterfaceOrientationPortrait UIInterfaceOrientationLandscapeLeft UIInterfaceOrientationLandscapeRight";
				LD_RUNPATH_SEARCH_PATHS = (
					"$(inherited)",
					"@executable_path/Frameworks",
				);
				MARKETING_VERSION = 1.0;
				PRODUCT_BUNDLE_IDENTIFIER = CLC.funGamePlay;
				PRODUCT_NAME = "$(TARGET_NAME)";
				SWIFT_EMIT_LOC_STRINGS = YES;
				SWIFT_VERSION = 5.0;
				TARGETED_DEVICE_FAMILY = "1,2";
			};
			name = Release;
		};
		6E5514AA28215F06005F4B9F /* Debug */ = {
			isa = XCBuildConfiguration;
			buildSettings = {
				ALWAYS_EMBED_SWIFT_STANDARD_LIBRARIES = YES;
				BUNDLE_LOADER = "$(TEST_HOST)";
				CODE_SIGN_STYLE = Automatic;
				CURRENT_PROJECT_VERSION = 1;
				GENERATE_INFOPLIST_FILE = YES;
				IPHONEOS_DEPLOYMENT_TARGET = 15.4;
				MARKETING_VERSION = 1.0;
				PRODUCT_BUNDLE_IDENTIFIER = CLC.funGamePlayTests;
				PRODUCT_NAME = "$(TARGET_NAME)";
				SWIFT_EMIT_LOC_STRINGS = NO;
				SWIFT_VERSION = 5.0;
				TARGETED_DEVICE_FAMILY = "1,2";
				TEST_HOST = "$(BUILT_PRODUCTS_DIR)/funGamePlay.app/funGamePlay";
			};
			name = Debug;
		};
		6E5514AB28215F06005F4B9F /* Release */ = {
			isa = XCBuildConfiguration;
			buildSettings = {
				ALWAYS_EMBED_SWIFT_STANDARD_LIBRARIES = YES;
				BUNDLE_LOADER = "$(TEST_HOST)";
				CODE_SIGN_STYLE = Automatic;
				CURRENT_PROJECT_VERSION = 1;
				GENERATE_INFOPLIST_FILE = YES;
				IPHONEOS_DEPLOYMENT_TARGET = 15.4;
				MARKETING_VERSION = 1.0;
				PRODUCT_BUNDLE_IDENTIFIER = CLC.funGamePlayTests;
				PRODUCT_NAME = "$(TARGET_NAME)";
				SWIFT_EMIT_LOC_STRINGS = NO;
				SWIFT_VERSION = 5.0;
				TARGETED_DEVICE_FAMILY = "1,2";
				TEST_HOST = "$(BUILT_PRODUCTS_DIR)/funGamePlay.app/funGamePlay";
			};
			name = Release;
		};
		6E5514AD28215F06005F4B9F /* Debug */ = {
			isa = XCBuildConfiguration;
			buildSettings = {
				ALWAYS_EMBED_SWIFT_STANDARD_LIBRARIES = YES;
				CODE_SIGN_STYLE = Automatic;
				CURRENT_PROJECT_VERSION = 1;
				GENERATE_INFOPLIST_FILE = YES;
				MARKETING_VERSION = 1.0;
				PRODUCT_BUNDLE_IDENTIFIER = CLC.funGamePlayUITests;
				PRODUCT_NAME = "$(TARGET_NAME)";
				SWIFT_EMIT_LOC_STRINGS = NO;
				SWIFT_VERSION = 5.0;
				TARGETED_DEVICE_FAMILY = "1,2";
				TEST_TARGET_NAME = funGamePlay;
			};
			name = Debug;
		};
		6E5514AE28215F06005F4B9F /* Release */ = {
			isa = XCBuildConfiguration;
			buildSettings = {
				ALWAYS_EMBED_SWIFT_STANDARD_LIBRARIES = YES;
				CODE_SIGN_STYLE = Automatic;
				CURRENT_PROJECT_VERSION = 1;
				GENERATE_INFOPLIST_FILE = YES;
				MARKETING_VERSION = 1.0;
				PRODUCT_BUNDLE_IDENTIFIER = CLC.funGamePlayUITests;
				PRODUCT_NAME = "$(TARGET_NAME)";
				SWIFT_EMIT_LOC_STRINGS = NO;
				SWIFT_VERSION = 5.0;
				TARGETED_DEVICE_FAMILY = "1,2";
				TEST_TARGET_NAME = funGamePlay;
			};
			name = Release;
		};
/* End XCBuildConfiguration section */

/* Begin XCConfigurationList section */
		6E55147428215F04005F4B9F /* Build configuration list for PBXProject "funGamePlay" */ = {
			isa = XCConfigurationList;
			buildConfigurations = (
				6E5514A428215F06005F4B9F /* Debug */,
				6E5514A528215F06005F4B9F /* Release */,
			);
			defaultConfigurationIsVisible = 0;
			defaultConfigurationName = Release;
		};
		6E5514A628215F06005F4B9F /* Build configuration list for PBXNativeTarget "funGamePlay" */ = {
			isa = XCConfigurationList;
			buildConfigurations = (
				6E5514A728215F06005F4B9F /* Debug */,
				6E5514A828215F06005F4B9F /* Release */,
			);
			defaultConfigurationIsVisible = 0;
			defaultConfigurationName = Release;
		};
		6E5514A928215F06005F4B9F /* Build configuration list for PBXNativeTarget "funGamePlayTests" */ = {
			isa = XCConfigurationList;
			buildConfigurations = (
				6E5514AA28215F06005F4B9F /* Debug */,
				6E5514AB28215F06005F4B9F /* Release */,
			);
			defaultConfigurationIsVisible = 0;
			defaultConfigurationName = Release;
		};
		6E5514AC28215F06005F4B9F /* Build configuration list for PBXNativeTarget "funGamePlayUITests" */ = {
			isa = XCConfigurationList;
			buildConfigurations = (
				6E5514AD28215F06005F4B9F /* Debug */,
				6E5514AE28215F06005F4B9F /* Release */,
			);
			defaultConfigurationIsVisible = 0;
			defaultConfigurationName = Release;
		};
/* End XCConfigurationList section */
	};
	rootObject = 6E55147128215F04005F4B9F /* Project object */;
}
